
Microsoft Visual Studio Solution File, Format Version 12.00
# Visual Studio Version 16
VisualStudioVersion = 16.0.30011.22
MinimumVisualStudioVersion = 10.0.40219.1
Project("{FAE04EC0-301F-11D3-BF4B-00C04F79EFBC}") = "DateUtilityAPI", "DateUtilityAPI\DateUtilityAPI.csproj", "{84EB8B06-E59B-4ED4-8E34-F7114A51C41C}"
EndProject
Project("{FAE04EC0-301F-11D3-BF4B-00C04F79EFBC}") = "DateUtilityAPI.Data", "DateUtilityAPI.Data\DateUtilityAPI.Data.csproj", "{1A57D6BD-9EE3-4FC0-B311-45DBE1C64DC0}"
EndProject
Project("{FAE04EC0-301F-11D3-BF4B-00C04F79EFBC}") = "DateUtilityAPI.Domain", "DateUtilityAPI.Domain\DateUtilityAPI.Domain.csproj", "{A8668AAB-DC1F-4FE5-82A3-FE6FB0C11AA7}"
EndProject
Project("{FAE04EC0-301F-11D3-BF4B-00C04F79EFBC}") = "DateUtilityAPI.Tests", "DateUtilityAPI.Tests\DateUtilityAPI.Tests.csproj", "{B7879DCB-BB11-40CF-BA33-2B94EC187D8C}"
EndProject
Global
	GlobalSection(SolutionConfigurationPlatforms) = preSolution
		Debug|Any CPU = Debug|Any CPU
		Release|Any CPU = Release|Any CPU
	EndGlobalSection
	GlobalSection(ProjectConfigurationPlatforms) = postSolution
		{84EB8B06-E59B-4ED4-8E34-F7114A51C41C}.Debug|Any CPU.ActiveCfg = Debug|Any CPU
		{84EB8B06-E59B-4ED4-8E34-F7114A51C41C}.Debug|Any CPU.Build.0 = Debug|Any CPU
		{84EB8B06-E59B-4ED4-8E34-F7114A51C41C}.Release|Any CPU.ActiveCfg = Release|Any CPU
		{84EB8B06-E59B-4ED4-8E34-F7114A51C41C}.Release|Any CPU.Build.0 = Release|Any CPU
		{1A57D6BD-9EE3-4FC0-B311-45DBE1C64DC0}.Debug|Any CPU.ActiveCfg = Debug|Any CPU
		{1A57D6BD-9EE3-4FC0-B311-45DBE1C64DC0}.Debug|Any CPU.Build.0 = Debug|Any CPU
		{1A57D6BD-9EE3-4FC0-B311-45DBE1C64DC0}.Release|Any CPU.ActiveCfg = Release|Any CPU
		{1A57D6BD-9EE3-4FC0-B311-45DBE1C64DC0}.Release|Any CPU.Build.0 = Release|Any CPU
		{A8668AAB-DC1F-4FE5-82A3-FE6FB0C11AA7}.Debug|Any CPU.ActiveCfg = Debug|Any CPU
		{A8668AAB-DC1F-4FE5-82A3-FE6FB0C11AA7}.Debug|Any CPU.Build.0 = Debug|Any CPU
		{A8668AAB-DC1F-4FE5-82A3-FE6FB0C11AA7}.Release|Any CPU.ActiveCfg = Release|Any CPU
		{A8668AAB-DC1F-4FE5-82A3-FE6FB0C11AA7}.Release|Any CPU.Build.0 = Release|Any CPU
		{B7879DCB-BB11-40CF-BA33-2B94EC187D8C}.Debug|Any CPU.ActiveCfg = Debug|Any CPU
		{B7879DCB-BB11-40CF-BA33-2B94EC187D8C}.Debug|Any CPU.Build.0 = Debug|Any CPU
		{B7879DCB-BB11-40CF-BA33-2B94EC187D8C}.Release|Any CPU.ActiveCfg = Release|Any CPU
		{B7879DCB-BB11-40CF-BA33-2B94EC187D8C}.Release|Any CPU.Build.0 = Release|Any CPU
	EndGlobalSection
	GlobalSection(SolutionProperties) = preSolution
		HideSolutionNode = FALSE
	EndGlobalSection
	GlobalSection(ExtensibilityGlobals) = postSolution
		SolutionGuid = {53192DE9-1CF6-42D2-83B6-326010CBBC6F}
	EndGlobalSection
EndGlobal
